PODS:
  - Nimble (7.0.1)
  - Quick (1.1.0)
  - ReactiveCocoa (6.0.0):
    - ReactiveSwift (~> 2.0)
  - ReactiveSwift (2.0.0):
    - Result (~> 3.2)
  - Result (3.2.3)
  - SnapKit (3.2.0)

DEPENDENCIES:
  - Nimble
  - Quick
  - ReactiveCocoa (~> 6.0)
  - ReactiveSwift (~> 2.0)
  - SnapKit

SPEC CHECKSUMS:
  Nimble: 657d000e11df8aebe27cdaf9d244de7f30ed87f7
  Quick: dafc587e21eed9f4cab3249b9f9015b0b7a7f71d
  ReactiveCocoa: ca689e37b6a922f0273918220d735c43368de550
  ReactiveSwift: 36339167e571774d936482d0f6512f5118a74731
  Result: 128640a6347e8d2ae48b142556739a2d13f90ce6
  SnapKit: 1ca44df72cfa543218d177cb8aab029d10d86ea7

PODFILE CHECKSUM: ff7c9fe860f35047bf8e4b9fdea8162d89ce6005

COCOAPODS: 1.2.1
