// !$*UTF8*$!
{
	archiveVersion = 1;
	classes = {
	};
	objectVersion = 48;
	objects = {

/* Begin PBXBuildFile section */
		18BB96EB1F67FE1900AE9FF3 /* AppDelegate.swift in Sources */ = {isa = PBXBuildFile; fileRef = 18BB96EA1F67FE1900AE9FF3 /* AppDelegate.swift */; };
		18BB96F21F67FE1900AE9FF3 /* Assets.xcassets in Resources */ = {isa = PBXBuildFile; fileRef = 18BB96F11F67FE1900AE9FF3 /* Assets.xcassets */; };
		18BB96F51F67FE1900AE9FF3 /* LaunchScreen.storyboard in Resources */ = {isa = PBXBuildFile; fileRef = 18BB96F31F67FE1900AE9FF3 /* LaunchScreen.storyboard */; };
		18BB97001F67FE1900AE9FF3 /* SnapgramTests.swift in Sources */ = {isa = PBXBuildFile; fileRef = 18BB96FF1F67FE1900AE9FF3 /* SnapgramTests.swift */; };
		4F6DCE73FCF94FB82E1E451D /* Pods_SnapgramTests.framework in Frameworks */ = {isa = PBXBuildFile; fileRef = 7EFCAC1B2428B4065F6E6C3F /* Pods_SnapgramTests.framework */; };
		D838C552DCB8CA87743AEFF4 /* Pods_Snapgram.framework in Frameworks */ = {isa = PBXBuildFile; fileRef = 39C874793808517245DCA658 /* Pods_Snapgram.framework */; };
/* End PBXBuildFile section */

/* Begin PBXContainerItemProxy section */
		18BB96FC1F67FE1900AE9FF3 /* PBXContainerItemProxy */ = {
			isa = PBXContainerItemProxy;
			containerPortal = 18BB96DF1F67FE1900AE9FF3 /* Project object */;
			proxyType = 1;
			remoteGlobalIDString = 18BB96E61F67FE1900AE9FF3;
			remoteInfo = Snapgram;
		};
/* End PBXContainerItemProxy section */

/* Begin PBXFileReference section */
		18BB96E71F67FE1900AE9FF3 /* Snapgram.app */ = {isa = PBXFileReference; explicitFileType = wrapper.application; includeInIndex = 0; path = Snapgram.app; sourceTree = BUILT_PRODUCTS_DIR; };
		18BB96EA1F67FE1900AE9FF3 /* AppDelegate.swift */ = {isa = PBXFileReference; lastKnownFileType = sourcecode.swift; path = AppDelegate.swift; sourceTree = "<group>"; };
		18BB96F11F67FE1900AE9FF3 /* Assets.xcassets */ = {isa = PBXFileReference; lastKnownFileType = folder.assetcatalog; path = Assets.xcassets; sourceTree = "<group>"; };
		18BB96F41F67FE1900AE9FF3 /* Base */ = {isa = PBXFileReference; lastKnownFileType = file.storyboard; name = Base; path = Base.lproj/LaunchScreen.storyboard; sourceTree = "<group>"; };
		18BB96F61F67FE1900AE9FF3 /* Info.plist */ = {isa = PBXFileReference; lastKnownFileType = text.plist.xml; path = Info.plist; sourceTree = "<group>"; };
		18BB96FB1F67FE1900AE9FF3 /* SnapgramTests.xctest */ = {isa = PBXFileReference; explicitFileType = wrapper.cfbundle; includeInIndex = 0; path = SnapgramTests.xctest; sourceTree = BUILT_PRODUCTS_DIR; };
		18BB96FF1F67FE1900AE9FF3 /* SnapgramTests.swift */ = {isa = PBXFileReference; lastKnownFileType = sourcecode.swift; path = SnapgramTests.swift; sourceTree = "<group>"; };
		18BB97011F67FE1900AE9FF3 /* Info.plist */ = {isa = PBXFileReference; lastKnownFileType = text.plist.xml; path = Info.plist; sourceTree = "<group>"; };
		39C874793808517245DCA658 /* Pods_Snapgram.framework */ = {isa = PBXFileReference; explicitFileType = wrapper.framework; includeInIndex = 0; path = Pods_Snapgram.framework; sourceTree = BUILT_PRODUCTS_DIR; };
		42647E4173D0555C8E1B0C97 /* Pods-Snapgram.debug.xcconfig */ = {isa = PBXFileReference; includeInIndex = 1; lastKnownFileType = text.xcconfig; name = "Pods-Snapgram.debug.xcconfig"; path = "Pods/Target Support Files/Pods-Snapgram/Pods-Snapgram.debug.xcconfig"; sourceTree = "<group>"; };
		7EFCAC1B2428B4065F6E6C3F /* Pods_SnapgramTests.framework */ = {isa = PBXFileReference; explicitFileType = wrapper.framework; includeInIndex = 0; path = Pods_SnapgramTests.framework; sourceTree = BUILT_PRODUCTS_DIR; };
		9554D0E141A0E72081927D72 /* Pods-SnapgramTests.release.xcconfig */ = {isa = PBXFileReference; includeInIndex = 1; lastKnownFileType = text.xcconfig; name = "Pods-SnapgramTests.release.xcconfig"; path = "Pods/Target Support Files/Pods-SnapgramTests/Pods-SnapgramTests.release.xcconfig"; sourceTree = "<group>"; };
		959B75C185A5AE820D9A02D4 /* Pods-Snapgram.release.xcconfig */ = {isa = PBXFileReference; includeInIndex = 1; lastKnownFileType = text.xcconfig; name = "Pods-Snapgram.release.xcconfig"; path = "Pods/Target Support Files/Pods-Snapgram/Pods-Snapgram.release.xcconfig"; sourceTree = "<group>"; };
		AE93D6FD599C9F7D95DA1491 /* Pods-SnapgramTests.debug.xcconfig */ = {isa = PBXFileReference; includeInIndex = 1; lastKnownFileType = text.xcconfig; name = "Pods-SnapgramTests.debug.xcconfig"; path = "Pods/Target Support Files/Pods-SnapgramTests/Pods-SnapgramTests.debug.xcconfig"; sourceTree = "<group>"; };
/* End PBXFileReference section */

/* Begin PBXFrameworksBuildPhase section */
		18BB96E41F67FE1900AE9FF3 /* Frameworks */ = {
			isa = PBXFrameworksBuildPhase;
			buildActionMask = 2147483647;
			files = (
				D838C552DCB8CA87743AEFF4 /* Pods_Snapgram.framework in Frameworks */,
			);
			runOnlyForDeploymentPostprocessing = 0;
		};
		18BB96F81F67FE1900AE9FF3 /* Frameworks */ = {
			isa = PBXFrameworksBuildPhase;
			buildActionMask = 2147483647;
			files = (
				4F6DCE73FCF94FB82E1E451D /* Pods_SnapgramTests.framework in Frameworks */,
			);
			runOnlyForDeploymentPostprocessing = 0;
		};
/* End PBXFrameworksBuildPhase section */

/* Begin PBXGroup section */
		18BB96DE1F67FE1900AE9FF3 = {
			isa = PBXGroup;
			children = (
				18BB96E91F67FE1900AE9FF3 /* Snapgram */,
				18BB96FE1F67FE1900AE9FF3 /* SnapgramTests */,
				18BB96E81F67FE1900AE9FF3 /* Products */,
				48DB796AB925FF0CE4683643 /* Pods */,
				C94E2374D1B5D55D7671596E /* Frameworks */,
			);
			sourceTree = "<group>";
		};
		18BB96E81F67FE1900AE9FF3 /* Products */ = {
			isa = PBXGroup;
			children = (
				18BB96E71F67FE1900AE9FF3 /* Snapgram.app */,
				18BB96FB1F67FE1900AE9FF3 /* SnapgramTests.xctest */,
			);
			name = Products;
			sourceTree = "<group>";
		};
		18BB96E91F67FE1900AE9FF3 /* Snapgram */ = {
			isa = PBXGroup;
			children = (
				18BB96EA1F67FE1900AE9FF3 /* AppDelegate.swift */,
				18BB96F11F67FE1900AE9FF3 /* Assets.xcassets */,
				18BB96F31F67FE1900AE9FF3 /* LaunchScreen.storyboard */,
				18BB96F61F67FE1900AE9FF3 /* Info.plist */,
			);
			path = Snapgram;
			sourceTree = "<group>";
		};
		18BB96FE1F67FE1900AE9FF3 /* SnapgramTests */ = {
			isa = PBXGroup;
			children = (
				18BB96FF1F67FE1900AE9FF3 /* SnapgramTests.swift */,
				18BB97011F67FE1900AE9FF3 /* Info.plist */,
			);
			path = SnapgramTests;
			sourceTree = "<group>";
		};
		48DB796AB925FF0CE4683643 /* Pods */ = {
			isa = PBXGroup;
			children = (
				42647E4173D0555C8E1B0C97 /* Pods-Snapgram.debug.xcconfig */,
				959B75C185A5AE820D9A02D4 /* Pods-Snapgram.release.xcconfig */,
				AE93D6FD599C9F7D95DA1491 /* Pods-SnapgramTests.debug.xcconfig */,
				9554D0E141A0E72081927D72 /* Pods-SnapgramTests.release.xcconfig */,
			);
			name = Pods;
			sourceTree = "<group>";
		};
		C94E2374D1B5D55D7671596E /* Frameworks */ = {
			isa = PBXGroup;
			children = (
				39C874793808517245DCA658 /* Pods_Snapgram.framework */,
				7EFCAC1B2428B4065F6E6C3F /* Pods_SnapgramTests.framework */,
			);
			name = Frameworks;
			sourceTree = "<group>";
		};
/* End PBXGroup section */

/* Begin PBXNativeTarget section */
		18BB96E61F67FE1900AE9FF3 /* Snapgram */ = {
			isa = PBXNativeTarget;
			buildConfigurationList = 18BB97041F67FE1900AE9FF3 /* Build configuration list for PBXNativeTarget "Snapgram" */;
			buildPhases = (
				30E0A990FE451D4CD364EAF4 /* [CP] Check Pods Manifest.lock */,
				18BB96E31F67FE1900AE9FF3 /* Sources */,
				18BB96E41F67FE1900AE9FF3 /* Frameworks */,
				18BB96E51F67FE1900AE9FF3 /* Resources */,
				5FA8A06F506D351EC62A3633 /* [CP] Embed Pods Frameworks */,
				5E1AB773648D22279B913F02 /* [CP] Copy Pods Resources */,
			);
			buildRules = (
			);
			dependencies = (
			);
			name = Snapgram;
			productName = Snapgram;
			productReference = 18BB96E71F67FE1900AE9FF3 /* Snapgram.app */;
			productType = "com.apple.product-type.application";
		};
		18BB96FA1F67FE1900AE9FF3 /* SnapgramTests */ = {
			isa = PBXNativeTarget;
			buildConfigurationList = 18BB97071F67FE1900AE9FF3 /* Build configuration list for PBXNativeTarget "SnapgramTests" */;
			buildPhases = (
				5E03BC5A1029BF7FF2D181D8 /* [CP] Check Pods Manifest.lock */,
				18BB96F71F67FE1900AE9FF3 /* Sources */,
				18BB96F81F67FE1900AE9FF3 /* Frameworks */,
				18BB96F91F67FE1900AE9FF3 /* Resources */,
				BF1EC0EDA8E377031C19B279 /* [CP] Embed Pods Frameworks */,
				C143C6153BBA2F9748F0C87F /* [CP] Copy Pods Resources */,
			);
			buildRules = (
			);
			dependencies = (
				18BB96FD1F67FE1900AE9FF3 /* PBXTargetDependency */,
			);
			name = SnapgramTests;
			productName = SnapgramTests;
			productReference = 18BB96FB1F67FE1900AE9FF3 /* SnapgramTests.xctest */;
			productType = "com.apple.product-type.bundle.unit-test";
		};
/* End PBXNativeTarget section */

/* Begin PBXProject section */
		18BB96DF1F67FE1900AE9FF3 /* Project object */ = {
			isa = PBXProject;
			attributes = {
				LastSwiftUpdateCheck = 0900;
				LastUpgradeCheck = 0900;
				ORGANIZATIONNAME = "Guilherme Souza";
				TargetAttributes = {
					18BB96E61F67FE1900AE9FF3 = {
						CreatedOnToolsVersion = 9.0;
					};
					18BB96FA1F67FE1900AE9FF3 = {
						CreatedOnToolsVersion = 9.0;
						TestTargetID = 18BB96E61F67FE1900AE9FF3;
					};
				};
			};
			buildConfigurationList = 18BB96E21F67FE1900AE9FF3 /* Build configuration list for PBXProject "Snapgram" */;
			compatibilityVersion = "Xcode 8.0";
			developmentRegion = en;
			hasScannedForEncodings = 0;
			knownRegions = (
				en,
				Base,
			);
			mainGroup = 18BB96DE1F67FE1900AE9FF3;
			productRefGroup = 18BB96E81F67FE1900AE9FF3 /* Products */;
			projectDirPath = "";
			projectRoot = "";
			targets = (
				18BB96E61F67FE1900AE9FF3 /* Snapgram */,
				18BB96FA1F67FE1900AE9FF3 /* SnapgramTests */,
			);
		};
/* End PBXProject section */

/* Begin PBXResourcesBuildPhase section */
		18BB96E51F67FE1900AE9FF3 /* Resources */ = {
			isa = PBXResourcesBuildPhase;
			buildActionMask = 2147483647;
			files = (
				18BB96F51F67FE1900AE9FF3 /* LaunchScreen.storyboard in Resources */,
				18BB96F21F67FE1900AE9FF3 /* Assets.xcassets in Resources */,
			);
			runOnlyForDeploymentPostprocessing = 0;
		};
		18BB96F91F67FE1900AE9FF3 /* Resources */ = {
			isa = PBXResourcesBuildPhase;
			buildActionMask = 2147483647;
			files = (
			);
			runOnlyForDeploymentPostprocessing = 0;
		};
/* End PBXResourcesBuildPhase section */

/* Begin PBXShellScriptBuildPhase section */
		30E0A990FE451D4CD364EAF4 /* [CP] Check Pods Manifest.lock */ = {
			isa = PBXShellScriptBuildPhase;
			buildActionMask = 2147483647;
			files = (
			);
			inputPaths = (
			);
			name = "[CP] Check Pods Manifest.lock";
			outputPaths = (
			);
			runOnlyForDeploymentPostprocessing = 0;
			shellPath = /bin/sh;
			shellScript = "diff \"${PODS_PODFILE_DIR_PATH}/Podfile.lock\" \"${PODS_ROOT}/Manifest.lock\" > /dev/null\nif [ $? != 0 ] ; then\n    # print error to STDERR\n    echo \"error: The sandbox is not in sync with the Podfile.lock. Run 'pod install' or update your CocoaPods installation.\" >&2\n    exit 1\nfi\n";
			showEnvVarsInLog = 0;
		};
		5E03BC5A1029BF7FF2D181D8 /* [CP] Check Pods Manifest.lock */ = {
			isa = PBXShellScriptBuildPhase;
			buildActionMask = 2147483647;
			files = (
			);
			inputPaths = (
			);
			name = "[CP] Check Pods Manifest.lock";
			outputPaths = (
			);
			runOnlyForDeploymentPostprocessing = 0;
			shellPath = /bin/sh;
			shellScript = "diff \"${PODS_PODFILE_DIR_PATH}/Podfile.lock\" \"${PODS_ROOT}/Manifest.lock\" > /dev/null\nif [ $? != 0 ] ; then\n    # print error to STDERR\n    echo \"error: The sandbox is not in sync with the Podfile.lock. Run 'pod install' or update your CocoaPods installation.\" >&2\n    exit 1\nfi\n";
			showEnvVarsInLog = 0;
		};
		5E1AB773648D22279B913F02 /* [CP] Copy Pods Resources */ = {
			isa = PBXShellScriptBuildPhase;
			buildActionMask = 2147483647;
			files = (
			);
			inputPaths = (
			);
			name = "[CP] Copy Pods Resources";
			outputPaths = (
			);
			runOnlyForDeploymentPostprocessing = 0;
			shellPath = /bin/sh;
			shellScript = "\"${SRCROOT}/Pods/Target Support Files/Pods-Snapgram/Pods-Snapgram-resources.sh\"\n";
			showEnvVarsInLog = 0;
		};
		5FA8A06F506D351EC62A3633 /* [CP] Embed Pods Frameworks */ = {
			isa = PBXShellScriptBuildPhase;
			buildActionMask = 2147483647;
			files = (
			);
			inputPaths = (
			);
			name = "[CP] Embed Pods Frameworks";
			outputPaths = (
			);
			runOnlyForDeploymentPostprocessing = 0;
			shellPath = /bin/sh;
			shellScript = "\"${SRCROOT}/Pods/Target Support Files/Pods-Snapgram/Pods-Snapgram-frameworks.sh\"\n";
			showEnvVarsInLog = 0;
		};
		BF1EC0EDA8E377031C19B279 /* [CP] Embed Pods Frameworks */ = {
			isa = PBXShellScriptBuildPhase;
			buildActionMask = 2147483647;
			files = (
			);
			inputPaths = (
			);
			name = "[CP] Embed Pods Frameworks";
			outputPaths = (
			);
			runOnlyForDeploymentPostprocessing = 0;
			shellPath = /bin/sh;
			shellScript = "\"${SRCROOT}/Pods/Target Support Files/Pods-SnapgramTests/Pods-SnapgramTests-frameworks.sh\"\n";
			showEnvVarsInLog = 0;
		};
		C143C6153BBA2F9748F0C87F /* [CP] Copy Pods Resources */ = {
			isa = PBXShellScriptBuildPhase;
			buildActionMask = 2147483647;
			files = (
			);
			inputPaths = (
			);
			name = "[CP] Copy Pods Resources";
			outputPaths = (
			);
			runOnlyForDeploymentPostprocessing = 0;
			shellPath = /bin/sh;
			shellScript = "\"${SRCROOT}/Pods/Target Support Files/Pods-SnapgramTests/Pods-SnapgramTests-resources.sh\"\n";
			showEnvVarsInLog = 0;
		};
/* End PBXShellScriptBuildPhase section */

/* Begin PBXSourcesBuildPhase section */
		18BB96E31F67FE1900AE9FF3 /* Sources */ = {
			isa = PBXSourcesBuildPhase;
			buildActionMask = 2147483647;
			files = (
				18BB96EB1F67FE1900AE9FF3 /* AppDelegate.swift in Sources */,
			);
			runOnlyForDeploymentPostprocessing = 0;
		};
		18BB96F71F67FE1900AE9FF3 /* Sources */ = {
			isa = PBXSourcesBuildPhase;
			buildActionMask = 2147483647;
			files = (
				18BB97001F67FE1900AE9FF3 /* SnapgramTests.swift in Sources */,
			);
			runOnlyForDeploymentPostprocessing = 0;
		};
/* End PBXSourcesBuildPhase section */

/* Begin PBXTargetDependency section */
		18BB96FD1F67FE1900AE9FF3 /* PBXTargetDependency */ = {
			isa = PBXTargetDependency;
			target = 18BB96E61F67FE1900AE9FF3 /* Snapgram */;
			targetProxy = 18BB96FC1F67FE1900AE9FF3 /* PBXContainerItemProxy */;
		};
/* End PBXTargetDependency section */

/* Begin PBXVariantGroup section */
		18BB96F31F67FE1900AE9FF3 /* LaunchScreen.storyboard */ = {
			isa = PBXVariantGroup;
			children = (
				18BB96F41F67FE1900AE9FF3 /* Base */,
			);
			name = LaunchScreen.storyboard;
			sourceTree = "<group>";
		};
/* End PBXVariantGroup section */

/* Begin XCBuildConfiguration section */
		18BB97021F67FE1900AE9FF3 /* Debug */ = {
			isa = XCBuildConfiguration;
			buildSettings = {
				ALWAYS_SEARCH_USER_PATHS = NO;
				CLANG_ANALYZER_NONNULL = YES;
				CLANG_ANALYZER_NUMBER_OBJECT_CONVERSION = YES_AGGRESSIVE;
				CLANG_CXX_LANGUAGE_STANDARD = "gnu++14";
				CLANG_CXX_LIBRARY = "libc++";
				CLANG_ENABLE_MODULES = YES;
				CLANG_ENABLE_OBJC_ARC = YES;
				CLANG_WARN_BLOCK_CAPTURE_AUTORELEASING = YES;
				CLANG_WARN_BOOL_CONVERSION = YES;
				CLANG_WARN_COMMA = YES;
				CLANG_WARN_CONSTANT_CONVERSION = YES;
				CLANG_WARN_DIRECT_OBJC_ISA_USAGE = YES_ERROR;
				CLANG_WARN_DOCUMENTATION_COMMENTS = YES;
				CLANG_WARN_EMPTY_BODY = YES;
				CLANG_WARN_ENUM_CONVERSION = YES;
				CLANG_WARN_INFINITE_RECURSION = YES;
				CLANG_WARN_INT_CONVERSION = YES;
				CLANG_WARN_NON_LITERAL_NULL_CONVERSION = YES;
				CLANG_WARN_OBJC_LITERAL_CONVERSION = YES;
				CLANG_WARN_OBJC_ROOT_CLASS = YES_ERROR;
				CLANG_WARN_RANGE_LOOP_ANALYSIS = YES;
				CLANG_WARN_STRICT_PROTOTYPES = YES;
				CLANG_WARN_SUSPICIOUS_MOVE = YES;
				CLANG_WARN_UNGUARDED_AVAILABILITY = YES_AGGRESSIVE;
				CLANG_WARN_UNREACHABLE_CODE = YES;
				CLANG_WARN__DUPLICATE_METHOD_MATCH = YES;
				CODE_SIGN_IDENTITY = "iPhone Developer";
				COPY_PHASE_STRIP = NO;
				DEBUG_INFORMATION_FORMAT = dwarf;
				ENABLE_STRICT_OBJC_MSGSEND = YES;
				ENABLE_TESTABILITY = YES;
				GCC_C_LANGUAGE_STANDARD = gnu11;
				GCC_DYNAMIC_NO_PIC = NO;
				GCC_NO_COMMON_BLOCKS = YES;
				GCC_OPTIMIZATION_LEVEL = 0;
				GCC_PREPROCESSOR_DEFINITIONS = (
					"DEBUG=1",
					"$(inherited)",
				);
				GCC_WARN_64_TO_32_BIT_CONVERSION = YES;
				GCC_WARN_ABOUT_RETURN_TYPE = YES_ERROR;
				GCC_WARN_UNDECLARED_SELECTOR = YES;
				GCC_WARN_UNINITIALIZED_AUTOS = YES_AGGRESSIVE;
				GCC_WARN_UNUSED_FUNCTION = YES;
				GCC_WARN_UNUSED_VARIABLE = YES;
				IPHONEOS_DEPLOYMENT_TARGET = 11.0;
				MTL_ENABLE_DEBUG_INFO = YES;
				ONLY_ACTIVE_ARCH = YES;
				SDKROOT = iphoneos;
				SWIFT_ACTIVE_COMPILATION_CONDITIONS = DEBUG;
				SWIFT_OPTIMIZATION_LEVEL = "-Onone";
			};
			name = Debug;
		};
		18BB97031F67FE1900AE9FF3 /* Release */ = {
			isa = XCBuildConfiguration;
			buildSettings = {
				ALWAYS_SEARCH_USER_PATHS = NO;
				CLANG_ANALYZER_NONNULL = YES;
				CLANG_ANALYZER_NUMBER_OBJECT_CONVERSION = YES_AGGRESSIVE;
				CLANG_CXX_LANGUAGE_STANDARD = "gnu++14";
				CLANG_CXX_LIBRARY = "libc++";
				CLANG_ENABLE_MODULES = YES;
				CLANG_ENABLE_OBJC_ARC = YES;
				CLANG_WARN_BLOCK_CAPTURE_AUTORELEASING = YES;
				CLANG_WARN_BOOL_CONVERSION = YES;
				CLANG_WARN_COMMA = YES;
				CLANG_WARN_CONSTANT_CONVERSION = YES;
				CLANG_WARN_DIRECT_OBJC_ISA_USAGE = YES_ERROR;
				CLANG_WARN_DOCUMENTATION_COMMENTS = YES;
				CLANG_WARN_EMPTY_BODY = YES;
				CLANG_WARN_ENUM_CONVERSION = YES;
				CLANG_WARN_INFINITE_RECURSION = YES;
				CLANG_WARN_INT_CONVERSION = YES;
				CLANG_WARN_NON_LITERAL_NULL_CONVERSION = YES;
				CLANG_WARN_OBJC_LITERAL_CONVERSION = YES;
				CLANG_WARN_OBJC_ROOT_CLASS = YES_ERROR;
				CLANG_WARN_RANGE_LOOP_ANALYSIS = YES;
				CLANG_WARN_STRICT_PROTOTYPES = YES;
				CLANG_WARN_SUSPICIOUS_MOVE = YES;
				CLANG_WARN_UNGUARDED_AVAILABILITY = YES_AGGRESSIVE;
				CLANG_WARN_UNREACHABLE_CODE = YES;
				CLANG_WARN__DUPLICATE_METHOD_MATCH = YES;
				CODE_SIGN_IDENTITY = "iPhone Developer";
				COPY_PHASE_STRIP = NO;
				DEBUG_INFORMATION_FORMAT = "dwarf-with-dsym";
				ENABLE_NS_ASSERTIONS = NO;
				ENABLE_STRICT_OBJC_MSGSEND = YES;
				GCC_C_LANGUAGE_STANDARD = gnu11;
				GCC_NO_COMMON_BLOCKS = YES;
				GCC_WARN_64_TO_32_BIT_CONVERSION = YES;
				GCC_WARN_ABOUT_RETURN_TYPE = YES_ERROR;
				GCC_WARN_UNDECLARED_SELECTOR = YES;
				GCC_WARN_UNINITIALIZED_AUTOS = YES_AGGRESSIVE;
				GCC_WARN_UNUSED_FUNCTION = YES;
				GCC_WARN_UNUSED_VARIABLE = YES;
				IPHONEOS_DEPLOYMENT_TARGET = 11.0;
				MTL_ENABLE_DEBUG_INFO = NO;
				SDKROOT = iphoneos;
				SWIFT_OPTIMIZATION_LEVEL = "-Owholemodule";
				VALIDATE_PRODUCT = YES;
			};
			name = Release;
		};
		18BB97051F67FE1900AE9FF3 /* Debug */ = {
			isa = XCBuildConfiguration;
			baseConfigurationReference = 42647E4173D0555C8E1B0C97 /* Pods-Snapgram.debug.xcconfig */;
			buildSettings = {
				ASSETCATALOG_COMPILER_APPICON_NAME = AppIcon;
				DEVELOPMENT_TEAM = ELTTE7K8TT;
				INFOPLIST_FILE = Snapgram/Info.plist;
				LD_RUNPATH_SEARCH_PATHS = "$(inherited) @executable_path/Frameworks";
				PRODUCT_BUNDLE_IDENTIFIER = com.grsouza.Snapgram;
				PRODUCT_NAME = "$(TARGET_NAME)";
				SWIFT_VERSION = 3.0;
				TARGETED_DEVICE_FAMILY = "1,2";
			};
			name = Debug;
		};
		18BB97061F67FE1900AE9FF3 /* Release */ = {
			isa = XCBuildConfiguration;
			baseConfigurationReference = 959B75C185A5AE820D9A02D4 /* Pods-Snapgram.release.xcconfig */;
			buildSettings = {
				ASSETCATALOG_COMPILER_APPICON_NAME = AppIcon;
				DEVELOPMENT_TEAM = ELTTE7K8TT;
				INFOPLIST_FILE = Snapgram/Info.plist;
				LD_RUNPATH_SEARCH_PATHS = "$(inherited) @executable_path/Frameworks";
				PRODUCT_BUNDLE_IDENTIFIER = com.grsouza.Snapgram;
				PRODUCT_NAME = "$(TARGET_NAME)";
				SWIFT_VERSION = 3.0;
				TARGETED_DEVICE_FAMILY = "1,2";
			};
			name = Release;
		};
		18BB97081F67FE1900AE9FF3 /* Debug */ = {
			isa = XCBuildConfiguration;
			baseConfigurationReference = AE93D6FD599C9F7D95DA1491 /* Pods-SnapgramTests.debug.xcconfig */;
			buildSettings = {
				ALWAYS_EMBED_SWIFT_STANDARD_LIBRARIES = YES;
				BUNDLE_LOADER = "$(TEST_HOST)";
				DEVELOPMENT_TEAM = ELTTE7K8TT;
				INFOPLIST_FILE = SnapgramTests/Info.plist;
				LD_RUNPATH_SEARCH_PATHS = "$(inherited) @executable_path/Frameworks @loader_path/Frameworks";
				PRODUCT_BUNDLE_IDENTIFIER = com.grsouza.SnapgramTests;
				PRODUCT_NAME = "$(TARGET_NAME)";
				SWIFT_VERSION = 4.0;
				TARGETED_DEVICE_FAMILY = "1,2";
				TEST_HOST = "$(BUILT_PRODUCTS_DIR)/Snapgram.app/Snapgram";
			};
			name = Debug;
		};
		18BB97091F67FE1900AE9FF3 /* Release */ = {
			isa = XCBuildConfiguration;
			baseConfigurationReference = 9554D0E141A0E72081927D72 /* Pods-SnapgramTests.release.xcconfig */;
			buildSettings = {
				ALWAYS_EMBED_SWIFT_STANDARD_LIBRARIES = YES;
				BUNDLE_LOADER = "$(TEST_HOST)";
				DEVELOPMENT_TEAM = ELTTE7K8TT;
				INFOPLIST_FILE = SnapgramTests/Info.plist;
				LD_RUNPATH_SEARCH_PATHS = "$(inherited) @executable_path/Frameworks @loader_path/Frameworks";
				PRODUCT_BUNDLE_IDENTIFIER = com.grsouza.SnapgramTests;
				PRODUCT_NAME = "$(TARGET_NAME)";
				SWIFT_VERSION = 4.0;
				TARGETED_DEVICE_FAMILY = "1,2";
				TEST_HOST = "$(BUILT_PRODUCTS_DIR)/Snapgram.app/Snapgram";
			};
			name = Release;
		};
/* End XCBuildConfiguration section */

/* Begin XCConfigurationList section */
		18BB96E21F67FE1900AE9FF3 /* Build configuration list for PBXProject "Snapgram" */ = {
			isa = XCConfigurationList;
			buildConfigurations = (
				18BB97021F67FE1900AE9FF3 /* Debug */,
				18BB97031F67FE1900AE9FF3 /* Release */,
			);
			defaultConfigurationIsVisible = 0;
			defaultConfigurationName = Release;
		};
		18BB97041F67FE1900AE9FF3 /* Build configuration list for PBXNativeTarget "Snapgram" */ = {
			isa = XCConfigurationList;
			buildConfigurations = (
				18BB97051F67FE1900AE9FF3 /* Debug */,
				18BB97061F67FE1900AE9FF3 /* Release */,
			);
			defaultConfigurationIsVisible = 0;
			defaultConfigurationName = Release;
		};
		18BB97071F67FE1900AE9FF3 /* Build configuration list for PBXNativeTarget "SnapgramTests" */ = {
			isa = XCConfigurationList;
			buildConfigurations = (
				18BB97081F67FE1900AE9FF3 /* Debug */,
				18BB97091F67FE1900AE9FF3 /* Release */,
			);
			defaultConfigurationIsVisible = 0;
			defaultConfigurationName = Release;
		};
/* End XCConfigurationList section */
	};
	rootObject = 18BB96DF1F67FE1900AE9FF3 /* Project object */;
}
